// !$*UTF8*$!
{
	archiveVersion = 1;
	classes = {
	};
	objectVersion = 55;
	objects = {

/* Begin PBXBuildFile section */
		33CC111A2044C6FA0000003A /* Runner-Bridging-Header.h in Headers */ = {isa = PBXBuildFile; fileRef = 33CC11192044C6FA0000003A /* Runner-Bridging-Header.h */; };
		33CC111C2044C6FA0000003A /* AppDelegate.swift in Sources */ = {isa = PBXBuildFile; fileRef = 33CC111B2044C6FA0000003A /* AppDelegate.swift */; };
		33CC111E2044C6FA0000003A /* Assets.xcassets in Resources */ = {isa = PBXBuildFile; fileRef = 33CC111D2044C6FA0000003A /* Assets.xcassets */; };
		33CC11202044C6FA0000003A /* LaunchScreen in Resources */ = {isa = PBXBuildFile; fileRef = 33CC111F2044C6FA0000003A /* LaunchScreen */; };
		33CC11222044C6FA0000003A /* Main.storyboard in Resources */ = {isa = PBXBuildFile; fileRef = 33CC11212044C6FA0000003A /* Main.storyboard */; };
		33CC11242044C6FA0000003A /* Generated.xcconfig in Resources */ = {isa = PBXBuildFile; fileRef = 33CC11232044C6FA0000003A /* Generated.xcconfig */; };
/* End PBXBuildFile section */

/* Begin PBXCopyFilesBuildPhase section */
		33CC11152044C6FA0000003A /* Embed Frameworks */ = {
			isa = PBXCopyFilesBuildPhase;
			buildActionMask = 2147483647;
			dstPath = "";
			dstSubfolderSpec = 10;
			files = (
			);
			name = "Embed Frameworks";
			runGroupForBuildOrdering = "";
		};
/* End PBXCopyFilesBuildPhase section */

/* Begin PBXFileReference section */
		33CC11162044C6FA0000003A /* location_tapper.entitlements */ = {isa = PBXFileReference; lastKnownFileType = text.plist.entitlements; path = location_tapper.entitlements; sourceTree = "<group>"; };
		33CC11182044C6FA0000003A /* location_tapper-Debug.xcconfig */ = {isa = PBXFileReference; fileEncoding = 4; lastKnownFileType = text.xcconfig; path = "location_tapper-Debug.xcconfig"; sourceTree = "<group>"; };
		33CC11192044C6FA0000003A /* Runner-Bridging-Header.h */ = {isa = PBXFileReference; lastKnownFileType = sourcecode.c.h; path = "Runner-Bridging-Header.h"; sourceTree = "<group>"; };
		33CC111B2044C6FA0000003A /* AppDelegate.swift */ = {isa = PBXFileReference; lastKnownFileType = sourcecode.swift; path = AppDelegate.swift; sourceTree = "<group>"; };
		33CC111D2044C6FA0000003A /* Assets.xcassets */ = {isa = PBXFileReference; lastKnownFileType = folder.assetcatalog; path = Assets.xcassets; sourceTree = "<group>"; };
		33CC111F2044C6FA0000003A /* LaunchScreen */ = {isa = PBXFileReference; lastKnownFileType = file.storyboard; path = LaunchScreen; sourceTree = "<group>"; };
		33CC11212044C6FA0000003A /* Main.storyboard */ = {isa = PBXFileReference; lastKnownFileType = file.storyboard; path = Main.storyboard; sourceTree = "<group>"; };
		33CC11232044C6FA0000003A /* Generated.xcconfig */ = {isa = PBXFileReference; fileEncoding = 4; lastKnownFileType = text.xcconfig; path = Generated.xcconfig; sourceTree = "<group>"; };
		33CC11252044C6FA0000003A /* location_tapper-Release.xcconfig */ = {isa = PBXFileReference; fileEncoding = 4; lastKnownFileType = text.xcconfig; path = "location_tapper-Release.xcconfig"; sourceTree = "<group>"; };
		33CC11272044C6FA0000003A /* location_tapper.xcconfig */ = {isa = PBXFileReference; fileEncoding = 4; lastKnownFileType = text.xcconfig; path = "location_tapper.xcconfig"; sourceTree = "<group>"; };
		33CC11132044C6FA0000003A /* Runner.app */ = {isa = PBXFileReference; explicitFileType = wrapper.application; includeInIndex = 0; path = Runner.app; sourceTree = BUILT_PRODUCTS_DIR; };
/* End PBXFileReference section */

/* Begin PBXFrameworksBuildPhase section */
		33CC11142044C6FA0000003A /* Frameworks */ = {
			isa = PBXFrameworksBuildPhase;
			buildActionMask = 2147483647;
			files = (
			);
			runGroupForBuildOrdering = "";
		};
/* End PBXFrameworksBuildPhase section */

/* Begin PBXGroup section */
		33CC110C2044C6FA0000003A = {
			isa = PBXGroup;
			children = (
				33CC11172044C6FA0000003A /* Runner */,
				33CC110D2044C6FA0000003A /* Products */,
			);
			sourceTree = "<group>";
		};
		33CC110D2044C6FA0000003A /* Products */ = {
			isa = PBXGroup;
			children = (
				33CC11132044C6FA0000003A /* Runner.app */,
			);
			name = Products;
			sourceTree = "<group>";
		};
		33CC11172044C6FA0000003A /* Runner */ = {
			isa = PBXGroup;
			children = (
				33CC11162044C6FA0000003A /* location_tapper.entitlements */,
				33CC11182044C6FA0000003A /* location_tapper-Debug.xcconfig */,
				33CC11192044C6FA0000003A /* Runner-Bridging-Header.h */,
				33CC111B2044C6FA0000003A /* AppDelegate.swift */,
				33CC111D2044C6FA0000003A /* Assets.xcassets */,
				33CC111F2044C6FA0000003A /* LaunchScreen */,
				33CC11212044C6FA0000003A /* Main.storyboard */,
				33CC11232044C6FA0000003A /* Generated.xcconfig */,
				33CC11252044C6FA0000003A /* location_tapper-Release.xcconfig */,
				33CC11272044C6FA0000003A /* location_tapper.xcconfig */,
			);
			path = Runner;
			sourceTree = "<group>";
		};
/* End PBXGroup section */

/* Begin PBXHeadersBuildPhase section */
		33CC11102044C6FA0000003A /* Headers */ = {
			isa = PBXHeadersBuildPhase;
			buildActionMask = 2147483647;
			files = (
				33CC111A2044C6FA0000003A /* Runner-Bridging-Header.h in Headers */,
			);
			runGroupForBuildOrdering = "";
		};
/* End PBXHeadersBuildPhase section */

/* Begin PBXNativeTarget section */
		33CC11122044C6FA0000003A /* Runner */ = {
			isa = PBXNativeTarget;
			buildConfigurationList = 33CC112B2044C6FA0000003A /* Build configuration list for PBXNativeTarget "Runner" */;
			buildPhases = (
				33CC110E2044C6FA0000003A /* Sources */,
				33CC110F2044C6FA0000003A /* Frameworks */,
				33CC11102044C6FA0000003A /* Headers */,
				33CC11142044C6FA0000003A /* Frameworks */,
				33CC11152044C6FA0000003A /* Embed Frameworks */,
				33CC111E2044C6FA0000003A /* Resources */,
			);
			buildRules = (
			);
			dependencies = (
			);
			name = Runner;
			productName = Runner;
			productReference = 33CC11132044C6FA0000003A /* Runner.app */;
			productType = "com.apple.product-type.application";
		};
/* End PBXNativeTarget section */

/* Begin PBXProject section */
		33CC110B2044C6FA0000003A /* Project object */ = {
			isa = PBXProject;
			attributes = {
				BuildIndependentTargetsInParallel = YES;
				CLASSPREFIX = Flutter;
				CurrentVersion = 1;
				DevelopmentTeam = "";
				ENABLE_BITCODE = NO;
				INFOPLIST_FILE = Runner/Info.plist;
				IPHONEOS_DEPLOYMENT_TARGET = 14.0;
				PRODUCT_BUNDLE_IDENTIFIER = com.example.locationTapper;
				PRODUCT_NAME = "$(TARGET_NAME)";
				SWIFT_OBJC_BRIDGING_HEADER = "Runner/Runner-Bridging-Header.h";
				SWIFT_VERSION = 5.0;
				VERSIONING_SYSTEM = "apple-generic";
			};
			buildConfigurationList = 33CC110F2044C6FA0000003A /* Build configuration list for PBXProject "Runner" */;
			compatibilityVersion = "Xcode 14.0";
			developmentRegion = en;
			hasScannedForEncodings = 0;
			mainGroup = 33CC110C2044C6FA0000003A;
			objectVersion = 55;
			preferredProjectObjectVersion = 55;
			projectDirPath = "";
			projectRoot = "";
			targets = (
				33CC11122044C6FA0000003A /* Runner */,
			);
		};
/* End PBXProject section */

/* Begin PBXResourcesBuildPhase section */
		33CC111E2044C6FA0000003A /* Resources */ = {
			isa = PBXResourcesBuildPhase;
			buildActionMask = 2147483647;
			files = (
				33CC11242044C6FA0000003A /* Generated.xcconfig in Resources */,
				33CC11222044C6FA0000003A /* Main.storyboard in Resources */,
				33CC11202044C6FA0000003A /* LaunchScreen in Resources */,
				33CC111E2044C6FA0000003A /* Assets.xcassets in Resources */,
			);
			runGroupForBuildOrdering = "";
		};
/* End PBXResourcesBuildPhase section */

/* Begin PBXSourcesBuildPhase section */
		33CC110E2044C6FA0000003A /* Sources */ = {
			isa = PBXSourcesBuildPhase;
			buildActionMask = 2147483647;
			files = (
				33CC111C2044C6FA0000003A /* AppDelegate.swift in Sources */,
			);
			runGroupForBuildOrdering = "";
		};
/* End PBXSourcesBuildPhase section */

/* Begin PBXVariantGroup section */
		33CC111F2044C6FA0000003A /* LaunchScreen */ = {
			isa = PBXVariantGroup;
			children = (
				33CC111D2044C6FA0000003A /* Assets.xcassets */,
			);
			name = LaunchScreen;
			sourceTree = "<group>";
		};
/* End PBXVariantGroup section */

/* Begin XCBuildConfiguration section */
		33CC11292044C6FA0000003A /* Debug */ = {
			isa = XCBuildConfiguration;
			buildSettings = {
				ALWAYS_EMBED_SWIFT_STANDARD_LIBRARIES = YES;
				CLANG_ENABLE_MODULES = YES;
				INFOPLIST_FILE = Runner/Info.plist;
				PRODUCT_BUNDLE_IDENTIFIER = com.example.locationTapper;
				SWIFT_OBJC_BRIDGING_HEADER = "Runner/Runner-Bridging-Header.h";
				SWIFT_OPTIMIZATION_LEVEL = "-Onone";
				TARGETED_DEVICE_FAMILY = "1,2";
				THERMAL_ITEM_SUFFIX = "";
				CODE_SIGN_IDENTITY = "-";
				CODE_SIGNING_REQUIRED = NO;
				CODE_SIGNING_ALLOWED = NO;
			};
			name = Debug;
		};
		33CC112A2044C6FA0000003A /* Release */ = {
			isa = XCBuildConfiguration;
			buildSettings = {
				ALWAYS_EMBED_SWIFT_STANDARD_LIBRARIES = YES;
				CLANG_ENABLE_MODULES = YES;
				INFOPLIST_FILE = Runner/Info.plist;
				PRODUCT_BUNDLE_IDENTIFIER = com.example.locationTapper;
				SWIFT_OBJC_BRIDGING_HEADER = "Runner/Runner-Bridging-Header.h";
				SWIFT_OPTIMIZATION_LEVEL = "-O";
				TARGETED_DEVICE_FAMILY = "1,2";
				THERMAL_ITEM_SUFFIX = "";
				CODE_SIGN_IDENTITY = "-";
				CODE_SIGNING_REQUIRED = NO;
				CODE_SIGNING_ALLOWED = NO;
			};
			name = Release;
		};
/* End XCBuildConfiguration section */

/* Begin XCConfigurationList section */
		33CC110F2044C6FA0000003A /* Build configuration list for PBXProject "Runner" */ = {
			isa = XCConfigurationList;
			buildConfigurations = (
				33CC11292044C6FA0000003A /* Debug */,
				33CC112A2044C6FA0000003A /* Release */,
			);
			defaultConfigurationIsVisible = 0;
			defaultConfigurationName = Release;
		};
		33CC112B2044C6FA0000003A /* Build configuration list for PBXNativeTarget "Runner" */ = {
			isa = XCConfigurationList;
			buildConfigurations = (
				33CC11292044C6FA0000003A /* Debug */,
				33CC112A2044C6FA0000003A /* Release */,
			);
			defaultConfigurationIsVisible = 0;
			defaultConfigurationName = Release;
		};
/* End XCConfigurationList section */
	};
	rootObject = 33CC110B2044C6FA0000003A /* Project object */;
}
